<?xml version="1.0" encoding="utf-8"?>
<Project ToolsVersion="4.0" xmlns="http://schemas.microsoft.com/developer/msbuild/2003">
  <ItemGroup>
    <Filter Include="Source Files">
      <UniqueIdentifier>{4FC737F1-C7A5-4376-A066-2A32D752A2FF}</UniqueIdentifier>
      <Extensions>cpp;c;cc;cxx;def;odl;idl;hpj;bat;asm;asmx</Extensions>
    </Filter>
    <Filter Include="Resource Files">
      <UniqueIdentifier>{67DA6AB6-F800-4c08-8B7A-83BB121AAD01}</UniqueIdentifier>
      <Extensions>rc;ico;cur;bmp;dlg;rc2;rct;bin;rgs;gif;jpg;jpeg;jpe;resx;tiff;tif;png;wav;mfcribbon-ms</Extensions>
    </Filter>
    <Filter Include="config">
      <UniqueIdentifier>{30542747-4764-45fc-ac3e-19a6695cc944}</UniqueIdentifier>
    </Filter>
    <Filter Include="Resource Files\glsl">
      <UniqueIdentifier>{062577a3-9729-4ff5-b6bb-99fc21b272fd}</UniqueIdentifier>
    </Filter>
    <Filter Include="Resource Files\lib">
      <UniqueIdentifier>{836016f7-76e1-451e-9f57-a2f57e6f4a8a}</UniqueIdentifier>
    </Filter>
    <Filter Include="Resource Files\font">
      <UniqueIdentifier>{bbd26678-c9d0-4394-9d99-8d828a22dfa7}</UniqueIdentifier>
    </Filter>
    <Filter Include="Resource Files\map">
      <UniqueIdentifier>{d0befe0f-181e-493d-8817-a0af8591da97}</UniqueIdentifier>
    </Filter>
    <Filter Include="tools">
      <UniqueIdentifier>{84cc3f56-a80d-4438-93ee-ce2934f8d074}</UniqueIdentifier>
    </Filter>
    <Filter Include="tools\utils">
      <UniqueIdentifier>{77773bc3-ff8c-45fb-902f-0a6b06be006f}</UniqueIdentifier>
    </Filter>
    <Filter Include="git">
      <UniqueIdentifier>{a42341e7-e5a1-4c3d-b0b9-d36cc5835f99}</UniqueIdentifier>
    </Filter>
    <Filter Include="Source Files\gameobj">
      <UniqueIdentifier>{ebb3d57f-6cd1-4512-9520-586b522dc9a3}</UniqueIdentifier>
    </Filter>
    <Filter Include="Source Files\gameutil">
      <UniqueIdentifier>{4b7ed934-637b-44fb-9e6d-25e1b4975754}</UniqueIdentifier>
    </Filter>
    <Filter Include="Source Files\opengl">
      <UniqueIdentifier>{3b08dd27-1858-48bc-b623-69820e5f4b43}</UniqueIdentifier>
    </Filter>
    <Filter Include="Source Files\screen">
      <UniqueIdentifier>{11679327-0011-4b93-a803-90ee7f43f34d}</UniqueIdentifier>
    </Filter>
    <Filter Include="Source Files\structure">
      <UniqueIdentifier>{356ec079-0ca3-42ef-85f0-75643573733e}</UniqueIdentifier>
    </Filter>
    <Filter Include="Source Files\geometry">
      <UniqueIdentifier>{a99d328d-5322-49e7-bebd-f21584b9e237}</UniqueIdentifier>
    </Filter>
    <Filter Include="Source Files\misc">
      <UniqueIdentifier>{c00fb7e3-cbc0-47fb-8144-9969a0c108e5}</UniqueIdentifier>
    </Filter>
    <Filter Include="Source Files\input">
      <UniqueIdentifier>{767cbe13-d08d-4ca8-857e-dd4de1b5541d}</UniqueIdentifier>
    </Filter>
    <Filter Include="Source Files\app">
      <UniqueIdentifier>{4f0cb99c-2658-46b9-ad00-0f0043aab41f}</UniqueIdentifier>
    </Filter>
    <Filter Include="Source Files\gametemplate">
      <UniqueIdentifier>{033d22a5-111b-4e23-8de1-e736203da818}</UniqueIdentifier>
    </Filter>
    <Filter Include="Resource Files\texture">
      <UniqueIdentifier>{9e51b017-3011-4a2d-a1c7-dad34e590b62}</UniqueIdentifier>
    </Filter>
    <Filter Include="Source Files\ai">
      <UniqueIdentifier>{edadfa7f-f32b-4292-ae80-b6008408ae32}</UniqueIdentifier>
    </Filter>
    <Filter Include="Source Files\parser">
      <UniqueIdentifier>{0edd598c-2467-4a31-8955-b361ee26aa96}</UniqueIdentifier>
    </Filter>
  </ItemGroup>
  <ItemGroup>
    <ClCompile Include="src\bot_main.cpp">
      <Filter>Source Files</Filter>
    </ClCompile>
    <ClCompile Include="src\gameutil\bot_collide.cpp">
      <Filter>Source Files\gameutil</Filter>
    </ClCompile>
    <ClCompile Include="src\opengl\bot_color.cpp">
      <Filter>Source Files\opengl</Filter>
    </ClCompile>
    <ClCompile Include="src\opengl\bot_texture.cpp">
      <Filter>Source Files\opengl</Filter>
    </ClCompile>
    <ClCompile Include="src\geometry\bot_polygon.cpp">
      <Filter>Source Files\geometry</Filter>
    </ClCompile>
    <ClCompile Include="src\geometry\bot_rectangle.cpp">
      <Filter>Source Files\geometry</Filter>
    </ClCompile>
    <ClCompile Include="src\geometry\bot_shape.cpp">
      <Filter>Source Files\geometry</Filter>
    </ClCompile>
    <ClCompile Include="src\misc\bot_constants.cpp">
      <Filter>Source Files\misc</Filter>
    </ClCompile>
    <ClCompile Include="src\misc\bot_log.cpp">
      <Filter>Source Files\misc</Filter>
    </ClCompile>
    <ClCompile Include="src\app\bot_app.cpp">
      <Filter>Source Files\app</Filter>
    </ClCompile>
    <ClCompile Include="src\gameobj\bot_tile.cpp">
      <Filter>Source Files\gameobj</Filter>
    </ClCompile>
    <ClCompile Include="src\gameobj\bot_robot.cpp">
      <Filter>Source Files\gameobj</Filter>
    </ClCompile>
    <ClCompile Include="src\gameobj\bot_player.cpp">
      <Filter>Source Files\gameobj</Filter>
    </ClCompile>
    <ClCompile Include="src\gameobj\bot_missile.cpp">
      <Filter>Source Files\gameobj</Filter>
    </ClCompile>
    <ClCompile Include="src\gametemplate\bot_animation_template.cpp">
      <Filter>Source Files\gametemplate</Filter>
    </ClCompile>
    <ClCompile Include="src\gametemplate\bot_game_object_template.cpp">
      <Filter>Source Files\gametemplate</Filter>
    </ClCompile>
    <ClCompile Include="src\gameobj\bot_game_object.cpp">
      <Filter>Source Files\gameobj</Filter>
    </ClCompile>
    <ClCompile Include="src\gameobj\bot_shoot_ability.cpp">
      <Filter>Source Files\gameobj</Filter>
    </ClCompile>
    <ClCompile Include="src\gametemplate\bot_missile_template.cpp">
      <Filter>Source Files\gametemplate</Filter>
    </ClCompile>
    <ClCompile Include="src\gametemplate\bot_move_ability_template.cpp">
      <Filter>Source Files\gametemplate</Filter>
    </ClCompile>
    <ClCompile Include="src\gametemplate\bot_player_template.cpp">
      <Filter>Source Files\gametemplate</Filter>
    </ClCompile>
    <ClCompile Include="src\gametemplate\bot_robot_template.cpp">
      <Filter>Source Files\gametemplate</Filter>
    </ClCompile>
    <ClCompile Include="src\gametemplate\bot_shoot_ability_template.cpp">
      <Filter>Source Files\gametemplate</Filter>
    </ClCompile>
    <ClCompile Include="src\gametemplate\bot_tile_template.cpp">
      <Filter>Source Files\gametemplate</Filter>
    </ClCompile>
    <ClCompile Include="src\gameutil\bot_game_map.cpp">
      <Filter>Source Files\gameutil</Filter>
    </ClCompile>
    <ClCompile Include="src\gameutil\bot_game_map_loader.cpp">
      <Filter>Source Files\gameutil</Filter>
    </ClCompile>
    <ClCompile Include="src\gameutil\bot_game_object_manager.cpp">
      <Filter>Source Files\gameutil</Filter>
    </ClCompile>
    <ClCompile Include="src\gameutil\bot_time_delta_smoother.cpp">
      <Filter>Source Files\gameutil</Filter>
    </ClCompile>
    <ClCompile Include="src\input\bot_input_manager.cpp">
      <Filter>Source Files\input</Filter>
    </ClCompile>
    <ClCompile Include="src\misc\bot_file_utils.cpp">
      <Filter>Source Files\misc</Filter>
    </ClCompile>
    <ClCompile Include="src\misc\bot_json_utils.cpp">
      <Filter>Source Files\misc</Filter>
    </ClCompile>
    <ClCompile Include="src\misc\bot_math_utils.cpp">
      <Filter>Source Files\misc</Filter>
    </ClCompile>
    <ClCompile Include="src\misc\bot_string_utils.cpp">
      <Filter>Source Files\misc</Filter>
    </ClCompile>
    <ClCompile Include="src\opengl\bot_shader_program.cpp">
      <Filter>Source Files\opengl</Filter>
    </ClCompile>
    <ClCompile Include="src\opengl\bot_simple_shader_program.cpp">
      <Filter>Source Files\opengl</Filter>
    </ClCompile>
    <ClCompile Include="src\opengl\bot_text_system.cpp">
      <Filter>Source Files\opengl</Filter>
    </ClCompile>
    <ClCompile Include="src\opengl\bot_vertex_array.cpp">
      <Filter>Source Files\opengl</Filter>
    </ClCompile>
    <ClCompile Include="src\screen\bot_game_screen.cpp">
      <Filter>Source Files\screen</Filter>
    </ClCompile>
    <ClCompile Include="src\screen\bot_screen_manager.cpp">
      <Filter>Source Files\screen</Filter>
    </ClCompile>
    <ClCompile Include="src\screen\bot_start_screen.cpp">
      <Filter>Source Files\screen</Filter>
    </ClCompile>
    <ClCompile Include="src\opengl\bot_particle_shader_program.cpp">
      <Filter>Source Files\opengl</Filter>
    </ClCompile>
    <ClCompile Include="src\gametemplate\bot_particle_effect_template.cpp">
      <Filter>Source Files\gametemplate</Filter>
    </ClCompile>
    <ClCompile Include="src\gameobj\bot_particle_effect.cpp">
      <Filter>Source Files\gameobj</Filter>
    </ClCompile>
    <ClCompile Include="src\ai\bot_chase_shoot_ai.cpp">
      <Filter>Source Files\ai</Filter>
    </ClCompile>
    <ClCompile Include="src\gameobj\bot_ai_robot.cpp">
      <Filter>Source Files\gameobj</Filter>
    </ClCompile>
    <ClCompile Include="src\parser\bot_ai_parser.cpp">
      <Filter>Source Files\parser</Filter>
    </ClCompile>
    <ClCompile Include="src\parser\bot_ai_robot_template_parser.cpp">
      <Filter>Source Files\parser</Filter>
    </ClCompile>
    <ClCompile Include="src\parser\bot_color_parser.cpp">
      <Filter>Source Files\parser</Filter>
    </ClCompile>
    <ClCompile Include="src\parser\bot_missile_template_parser.cpp">
      <Filter>Source Files\parser</Filter>
    </ClCompile>
    <ClCompile Include="src\parser\bot_particle_effect_template_parser.cpp">
      <Filter>Source Files\parser</Filter>
    </ClCompile>
    <ClCompile Include="src\parser\bot_player_template_parser.cpp">
      <Filter>Source Files\parser</Filter>
    </ClCompile>
    <ClCompile Include="src\parser\bot_rectangle_parser.cpp">
      <Filter>Source Files\parser</Filter>
    </ClCompile>
    <ClCompile Include="src\parser\bot_robot_template_parser.cpp">
      <Filter>Source Files\parser</Filter>
    </ClCompile>
    <ClCompile Include="src\parser\bot_texture_parser.cpp">
      <Filter>Source Files\parser</Filter>
    </ClCompile>
    <ClCompile Include="src\parser\bot_tile_template_parser.cpp">
      <Filter>Source Files\parser</Filter>
    </ClCompile>
    <ClCompile Include="src\gameutil\bot_game_lib.cpp">
      <Filter>Source Files\gameutil</Filter>
    </ClCompile>
    <ClCompile Include="src\parser\bot_goodie_template_parser.cpp">
      <Filter>Source Files\parser</Filter>
    </ClCompile>
    <ClCompile Include="src\gameobj\bot_goodie.cpp">
      <Filter>Source Files\gameobj</Filter>
    </ClCompile>
    <ClCompile Include="src\gameutil\bot_goodie_generator.cpp">
      <Filter>Source Files\gameutil</Filter>
    </ClCompile>
    <ClCompile Include="src\gameobj\bot_goodie_effect.cpp">
      <Filter>Source Files\gameobj</Filter>
    </ClCompile>
    <ClCompile Include="src\gameobj\bot_progress_ring.cpp">
      <Filter>Source Files\gameobj</Filter>
    </ClCompile>
    <ClCompile Include="src\parser\bot_progress_ring_parser.cpp">
      <Filter>Source Files\parser</Filter>
    </ClCompile>
    <ClCompile Include="src\gameobj\bot_dashboard.cpp">
      <Filter>Source Files\gameobj</Filter>
    </ClCompile>
    <ClCompile Include="src\parser\bot_dashboard_template_parser.cpp">
      <Filter>Source Files\parser</Filter>
    </ClCompile>
    <ClCompile Include="src\app\bot_app_config.cpp">
      <Filter>Source Files\app</Filter>
    </ClCompile>
  </ItemGroup>
  <ItemGroup>
    <None Include="res\glsl\simple_frag_shader.glsl">
      <Filter>Resource Files\glsl</Filter>
    </None>
    <None Include="res\glsl\simple_vertex_shader.glsl">
      <Filter>Resource Files\glsl</Filter>
    </None>
    <None Include="config\bot_cfg.json">
      <Filter>config</Filter>
    </None>
    <None Include="tools\CreateCharImage.java">
      <Filter>tools</Filter>
    </None>
    <None Include="tools\CreateOval.java">
      <Filter>tools</Filter>
    </None>
    <None Include="tools\CreateRectangle.java">
      <Filter>tools</Filter>
    </None>
    <None Include="tools\GetWidths.java">
      <Filter>tools</Filter>
    </None>
    <None Include="tools\utils\Tokenizer.java">
      <Filter>tools\utils</Filter>
    </None>
    <None Include=".gitignore">
      <Filter>git</Filter>
    </None>
    <None Include="res\lib\texture_lib.json">
      <Filter>Resource Files\lib</Filter>
    </None>
    <None Include="res\lib\rect_lib.json">
      <Filter>Resource Files\lib</Filter>
    </None>
    <None Include="res\lib\color_lib.json">
      <Filter>Resource Files\lib</Filter>
    </None>
    <None Include="res\lib\tile_template_lib.json">
      <Filter>Resource Files\lib</Filter>
    </None>
    <None Include="res\lib\missile_template_lib.json">
      <Filter>Resource Files\lib</Filter>
    </None>
    <None Include="res\lib\player_lib.json">
      <Filter>Resource Files\lib</Filter>
    </None>
    <None Include="tools\CreateTransientCircle.java">
      <Filter>tools</Filter>
    </None>
    <None Include="res\glsl\particle_vertex_shader.glsl">
      <Filter>Resource Files\glsl</Filter>
    </None>
    <None Include="res\glsl\particle_frag_shader.glsl">
      <Filter>Resource Files\glsl</Filter>
    </None>
    <None Include="tools\GenerateParticleEffect.java">
      <Filter>tools</Filter>
    </None>
    <None Include="res\lib\particle_effect_template_lib.json">
      <Filter>Resource Files\lib</Filter>
    </None>
    <None Include="tools\gen_particle.sh">
      <Filter>tools</Filter>
    </None>
    <None Include="res\lib\ai_robot_template_lib.json">
      <Filter>Resource Files\lib</Filter>
    </None>
    <None Include="res\lib\ai_lib.json">
      <Filter>Resource Files\lib</Filter>
    </None>
    <None Include="res\lib\goodie_template_lib.json">
      <Filter>Resource Files\lib</Filter>
    </None>
    <None Include="res\lib\progress_ring_lib.json">
      <Filter>Resource Files\lib</Filter>
    </None>
    <None Include="res\lib\dashboard_template.json">
      <Filter>Resource Files\lib</Filter>
    </None>
  </ItemGroup>
  <ItemGroup>
    <Image Include="res\fonts\ascii_32.png">
      <Filter>Resource Files\font</Filter>
    </Image>
    <Image Include="res\fonts\ascii_33.png">
      <Filter>Resource Files\font</Filter>
    </Image>
    <Image Include="res\fonts\ascii_34.png">
      <Filter>Resource Files\font</Filter>
    </Image>
    <Image Include="res\fonts\ascii_35.png">
      <Filter>Resource Files\font</Filter>
    </Image>
    <Image Include="res\fonts\ascii_36.png">
      <Filter>Resource Files\font</Filter>
    </Image>
    <Image Include="res\fonts\ascii_37.png">
      <Filter>Resource Files\font</Filter>
    </Image>
    <Image Include="res\fonts\ascii_38.png">
      <Filter>Resource Files\font</Filter>
    </Image>
    <Image Include="res\fonts\ascii_39.png">
      <Filter>Resource Files\font</Filter>
    </Image>
    <Image Include="res\fonts\ascii_40.png">
      <Filter>Resource Files\font</Filter>
    </Image>
    <Image Include="res\fonts\ascii_41.png">
      <Filter>Resource Files\font</Filter>
    </Image>
    <Image Include="res\fonts\ascii_42.png">
      <Filter>Resource Files\font</Filter>
    </Image>
    <Image Include="res\fonts\ascii_43.png">
      <Filter>Resource Files\font</Filter>
    </Image>
    <Image Include="res\fonts\ascii_44.png">
      <Filter>Resource Files\font</Filter>
    </Image>
    <Image Include="res\fonts\ascii_45.png">
      <Filter>Resource Files\font</Filter>
    </Image>
    <Image Include="res\fonts\ascii_46.png">
      <Filter>Resource Files\font</Filter>
    </Image>
    <Image Include="res\fonts\ascii_47.png">
      <Filter>Resource Files\font</Filter>
    </Image>
    <Image Include="res\fonts\ascii_48.png">
      <Filter>Resource Files\font</Filter>
    </Image>
    <Image Include="res\fonts\ascii_49.png">
      <Filter>Resource Files\font</Filter>
    </Image>
    <Image Include="res\fonts\ascii_50.png">
      <Filter>Resource Files\font</Filter>
    </Image>
    <Image Include="res\fonts\ascii_51.png">
      <Filter>Resource Files\font</Filter>
    </Image>
    <Image Include="res\fonts\ascii_52.png">
      <Filter>Resource Files\font</Filter>
    </Image>
    <Image Include="res\fonts\ascii_53.png">
      <Filter>Resource Files\font</Filter>
    </Image>
    <Image Include="res\fonts\ascii_54.png">
      <Filter>Resource Files\font</Filter>
    </Image>
    <Image Include="res\fonts\ascii_55.png">
      <Filter>Resource Files\font</Filter>
    </Image>
    <Image Include="res\fonts\ascii_56.png">
      <Filter>Resource Files\font</Filter>
    </Image>
    <Image Include="res\fonts\ascii_57.png">
      <Filter>Resource Files\font</Filter>
    </Image>
    <Image Include="res\fonts\ascii_58.png">
      <Filter>Resource Files\font</Filter>
    </Image>
    <Image Include="res\fonts\ascii_59.png">
      <Filter>Resource Files\font</Filter>
    </Image>
    <Image Include="res\fonts\ascii_60.png">
      <Filter>Resource Files\font</Filter>
    </Image>
    <Image Include="res\fonts\ascii_61.png">
      <Filter>Resource Files\font</Filter>
    </Image>
    <Image Include="res\fonts\ascii_62.png">
      <Filter>Resource Files\font</Filter>
    </Image>
    <Image Include="res\fonts\ascii_63.png">
      <Filter>Resource Files\font</Filter>
    </Image>
    <Image Include="res\fonts\ascii_64.png">
      <Filter>Resource Files\font</Filter>
    </Image>
    <Image Include="res\fonts\ascii_65.png">
      <Filter>Resource Files\font</Filter>
    </Image>
    <Image Include="res\fonts\ascii_66.png">
      <Filter>Resource Files\font</Filter>
    </Image>
    <Image Include="res\fonts\ascii_67.png">
      <Filter>Resource Files\font</Filter>
    </Image>
    <Image Include="res\fonts\ascii_68.png">
      <Filter>Resource Files\font</Filter>
    </Image>
    <Image Include="res\fonts\ascii_69.png">
      <Filter>Resource Files\font</Filter>
    </Image>
    <Image Include="res\fonts\ascii_70.png">
      <Filter>Resource Files\font</Filter>
    </Image>
    <Image Include="res\fonts\ascii_71.png">
      <Filter>Resource Files\font</Filter>
    </Image>
    <Image Include="res\fonts\ascii_72.png">
      <Filter>Resource Files\font</Filter>
    </Image>
    <Image Include="res\fonts\ascii_73.png">
      <Filter>Resource Files\font</Filter>
    </Image>
    <Image Include="res\fonts\ascii_74.png">
      <Filter>Resource Files\font</Filter>
    </Image>
    <Image Include="res\fonts\ascii_75.png">
      <Filter>Resource Files\font</Filter>
    </Image>
    <Image Include="res\fonts\ascii_76.png">
      <Filter>Resource Files\font</Filter>
    </Image>
    <Image Include="res\fonts\ascii_77.png">
      <Filter>Resource Files\font</Filter>
    </Image>
    <Image Include="res\fonts\ascii_78.png">
      <Filter>Resource Files\font</Filter>
    </Image>
    <Image Include="res\fonts\ascii_79.png">
      <Filter>Resource Files\font</Filter>
    </Image>
    <Image Include="res\fonts\ascii_80.png">
      <Filter>Resource Files\font</Filter>
    </Image>
    <Image Include="res\fonts\ascii_81.png">
      <Filter>Resource Files\font</Filter>
    </Image>
    <Image Include="res\fonts\ascii_82.png">
      <Filter>Resource Files\font</Filter>
    </Image>
    <Image Include="res\fonts\ascii_83.png">
      <Filter>Resource Files\font</Filter>
    </Image>
    <Image Include="res\fonts\ascii_84.png">
      <Filter>Resource Files\font</Filter>
    </Image>
    <Image Include="res\fonts\ascii_85.png">
      <Filter>Resource Files\font</Filter>
    </Image>
    <Image Include="res\fonts\ascii_86.png">
      <Filter>Resource Files\font</Filter>
    </Image>
    <Image Include="res\fonts\ascii_87.png">
      <Filter>Resource Files\font</Filter>
    </Image>
    <Image Include="res\fonts\ascii_88.png">
      <Filter>Resource Files\font</Filter>
    </Image>
    <Image Include="res\fonts\ascii_89.png">
      <Filter>Resource Files\font</Filter>
    </Image>
    <Image Include="res\fonts\ascii_90.png">
      <Filter>Resource Files\font</Filter>
    </Image>
    <Image Include="res\fonts\ascii_91.png">
      <Filter>Resource Files\font</Filter>
    </Image>
    <Image Include="res\fonts\ascii_92.png">
      <Filter>Resource Files\font</Filter>
    </Image>
    <Image Include="res\fonts\ascii_93.png">
      <Filter>Resource Files\font</Filter>
    </Image>
    <Image Include="res\fonts\ascii_94.png">
      <Filter>Resource Files\font</Filter>
    </Image>
    <Image Include="res\fonts\ascii_95.png">
      <Filter>Resource Files\font</Filter>
    </Image>
    <Image Include="res\fonts\ascii_96.png">
      <Filter>Resource Files\font</Filter>
    </Image>
    <Image Include="res\fonts\ascii_97.png">
      <Filter>Resource Files\font</Filter>
    </Image>
    <Image Include="res\fonts\ascii_98.png">
      <Filter>Resource Files\font</Filter>
    </Image>
    <Image Include="res\fonts\ascii_99.png">
      <Filter>Resource Files\font</Filter>
    </Image>
    <Image Include="res\fonts\ascii_100.png">
      <Filter>Resource Files\font</Filter>
    </Image>
    <Image Include="res\fonts\ascii_101.png">
      <Filter>Resource Files\font</Filter>
    </Image>
    <Image Include="res\fonts\ascii_102.png">
      <Filter>Resource Files\font</Filter>
    </Image>
    <Image Include="res\fonts\ascii_103.png">
      <Filter>Resource Files\font</Filter>
    </Image>
    <Image Include="res\fonts\ascii_104.png">
      <Filter>Resource Files\font</Filter>
    </Image>
    <Image Include="res\fonts\ascii_105.png">
      <Filter>Resource Files\font</Filter>
    </Image>
    <Image Include="res\fonts\ascii_106.png">
      <Filter>Resource Files\font</Filter>
    </Image>
    <Image Include="res\fonts\ascii_107.png">
      <Filter>Resource Files\font</Filter>
    </Image>
    <Image Include="res\fonts\ascii_108.png">
      <Filter>Resource Files\font</Filter>
    </Image>
    <Image Include="res\fonts\ascii_109.png">
      <Filter>Resource Files\font</Filter>
    </Image>
    <Image Include="res\fonts\ascii_110.png">
      <Filter>Resource Files\font</Filter>
    </Image>
    <Image Include="res\fonts\ascii_111.png">
      <Filter>Resource Files\font</Filter>
    </Image>
    <Image Include="res\fonts\ascii_112.png">
      <Filter>Resource Files\font</Filter>
    </Image>
    <Image Include="res\fonts\ascii_113.png">
      <Filter>Resource Files\font</Filter>
    </Image>
    <Image Include="res\fonts\ascii_114.png">
      <Filter>Resource Files\font</Filter>
    </Image>
    <Image Include="res\fonts\ascii_115.png">
      <Filter>Resource Files\font</Filter>
    </Image>
    <Image Include="res\fonts\ascii_116.png">
      <Filter>Resource Files\font</Filter>
    </Image>
    <Image Include="res\fonts\ascii_117.png">
      <Filter>Resource Files\font</Filter>
    </Image>
    <Image Include="res\fonts\ascii_118.png">
      <Filter>Resource Files\font</Filter>
    </Image>
    <Image Include="res\fonts\ascii_119.png">
      <Filter>Resource Files\font</Filter>
    </Image>
    <Image Include="res\fonts\ascii_120.png">
      <Filter>Resource Files\font</Filter>
    </Image>
    <Image Include="res\fonts\ascii_121.png">
      <Filter>Resource Files\font</Filter>
    </Image>
    <Image Include="res\fonts\ascii_122.png">
      <Filter>Resource Files\font</Filter>
    </Image>
    <Image Include="res\fonts\ascii_123.png">
      <Filter>Resource Files\font</Filter>
    </Image>
    <Image Include="res\fonts\ascii_124.png">
      <Filter>Resource Files\font</Filter>
    </Image>
    <Image Include="res\fonts\ascii_125.png">
      <Filter>Resource Files\font</Filter>
    </Image>
    <Image Include="res\fonts\ascii_126.png">
      <Filter>Resource Files\font</Filter>
    </Image>
    <Image Include="res\texture\clay_tile.png">
      <Filter>Resource Files\texture</Filter>
    </Image>
    <Image Include="res\texture\darkgreen_barrel.png">
      <Filter>Resource Files\texture</Filter>
    </Image>
    <Image Include="res\texture\green_base.png">
      <Filter>Resource Files\texture</Filter>
    </Image>
    <Image Include="res\texture\ice_tile.png">
      <Filter>Resource Files\texture</Filter>
    </Image>
    <Image Include="res\texture\lightgreen_bullet.png">
      <Filter>Resource Files\texture</Filter>
    </Image>
    <Image Include="res\texture\steel_tile.png">
      <Filter>Resource Files\texture</Filter>
    </Image>
    <Image Include="res\texture\button.png">
      <Filter>Resource Files\texture</Filter>
    </Image>
    <Image Include="res\texture\barrel.png">
      <Filter>Resource Files\texture</Filter>
    </Image>
    <Image Include="res\texture\base.png">
      <Filter>Resource Files\texture</Filter>
    </Image>
    <Image Include="res\texture\bullet.png">
      <Filter>Resource Files\texture</Filter>
    </Image>
    <Image Include="res\texture\double_damage.png">
      <Filter>Resource Files\texture</Filter>
    </Image>
    <Image Include="res\texture\double_experience.png">
      <Filter>Resource Files\texture</Filter>
    </Image>
    <Image Include="res\texture\gold.png">
      <Filter>Resource Files\texture</Filter>
    </Image>
    <Image Include="res\texture\health.png">
      <Filter>Resource Files\texture</Filter>
    </Image>
    <Image Include="res\texture\indestructable.png">
      <Filter>Resource Files\texture</Filter>
    </Image>
    <Image Include="res\texture\quick_mover.png">
      <Filter>Resource Files\texture</Filter>
    </Image>
    <Image Include="res\texture\quick_shooter.png">
      <Filter>Resource Files\texture</Filter>
    </Image>
    <Image Include="res\texture\spark.png">
      <Filter>Resource Files\texture</Filter>
    </Image>
    <Image Include="res\texture\tile.png">
      <Filter>Resource Files\texture</Filter>
    </Image>
  </ItemGroup>
  <ItemGroup>
    <Text Include="res\map\map_01.json">
      <Filter>Resource Files\map</Filter>
    </Text>
  </ItemGroup>
  <ItemGroup>
    <ClInclude Include="src\gameutil\bot_collide.h">
      <Filter>Source Files\gameutil</Filter>
    </ClInclude>
    <ClInclude Include="src\opengl\bot_color.h">
      <Filter>Source Files\opengl</Filter>
    </ClInclude>
    <ClInclude Include="src\opengl\bot_opengl.h">
      <Filter>Source Files\opengl</Filter>
    </ClInclude>
    <ClInclude Include="src\opengl\bot_texture.h">
      <Filter>Source Files\opengl</Filter>
    </ClInclude>
    <ClInclude Include="src\structure\bot_queue.h">
      <Filter>Source Files\structure</Filter>
    </ClInclude>
    <ClInclude Include="src\geometry\bot_polygon.h">
      <Filter>Source Files\geometry</Filter>
    </ClInclude>
    <ClInclude Include="src\geometry\bot_rectangle.h">
      <Filter>Source Files\geometry</Filter>
    </ClInclude>
    <ClInclude Include="src\geometry\bot_shape.h">
      <Filter>Source Files\geometry</Filter>
    </ClInclude>
    <ClInclude Include="src\misc\bot_constants.h">
      <Filter>Source Files\misc</Filter>
    </ClInclude>
    <ClInclude Include="src\misc\bot_log.h">
      <Filter>Source Files\misc</Filter>
    </ClInclude>
    <ClInclude Include="src\app\bot_app.h">
      <Filter>Source Files\app</Filter>
    </ClInclude>
    <ClInclude Include="src\screen\bot_screen.h">
      <Filter>Source Files\screen</Filter>
    </ClInclude>
    <ClInclude Include="src\gameobj\bot_tile.h">
      <Filter>Source Files\gameobj</Filter>
    </ClInclude>
    <ClInclude Include="src\gameobj\bot_robot.h">
      <Filter>Source Files\gameobj</Filter>
    </ClInclude>
    <ClInclude Include="src\gameobj\bot_ability.h">
      <Filter>Source Files\gameobj</Filter>
    </ClInclude>
    <ClInclude Include="src\gameobj\bot_player.h">
      <Filter>Source Files\gameobj</Filter>
    </ClInclude>
    <ClInclude Include="src\gameobj\bot_missile.h">
      <Filter>Source Files\gameobj</Filter>
    </ClInclude>
    <ClInclude Include="src\gameobj\bot_side.h">
      <Filter>Source Files\gameobj</Filter>
    </ClInclude>
    <ClInclude Include="src\gametemplate\bot_ability_template.h">
      <Filter>Source Files\gametemplate</Filter>
    </ClInclude>
    <ClInclude Include="src\gametemplate\bot_ability_type.h">
      <Filter>Source Files\gametemplate</Filter>
    </ClInclude>
    <ClInclude Include="src\gametemplate\bot_animation_template.h">
      <Filter>Source Files\gametemplate</Filter>
    </ClInclude>
    <ClInclude Include="src\gametemplate\bot_game_object_template.h">
      <Filter>Source Files\gametemplate</Filter>
    </ClInclude>
    <ClInclude Include="src\gameobj\bot_game_object.h">
      <Filter>Source Files\gameobj</Filter>
    </ClInclude>
    <ClInclude Include="src\gameobj\bot_game_object_flag.h">
      <Filter>Source Files\gameobj</Filter>
    </ClInclude>
    <ClInclude Include="src\gameobj\bot_game_object_type.h">
      <Filter>Source Files\gameobj</Filter>
    </ClInclude>
    <ClInclude Include="src\gameobj\bot_move_ability.h">
      <Filter>Source Files\gameobj</Filter>
    </ClInclude>
    <ClInclude Include="src\gameobj\bot_shoot_ability.h">
      <Filter>Source Files\gameobj</Filter>
    </ClInclude>
    <ClInclude Include="src\gametemplate\bot_missile_template.h">
      <Filter>Source Files\gametemplate</Filter>
    </ClInclude>
    <ClInclude Include="src\gametemplate\bot_move_ability_template.h">
      <Filter>Source Files\gametemplate</Filter>
    </ClInclude>
    <ClInclude Include="src\gametemplate\bot_player_template.h">
      <Filter>Source Files\gametemplate</Filter>
    </ClInclude>
    <ClInclude Include="src\gametemplate\bot_robot_template.h">
      <Filter>Source Files\gametemplate</Filter>
    </ClInclude>
    <ClInclude Include="src\gametemplate\bot_shoot_ability_template.h">
      <Filter>Source Files\gametemplate</Filter>
    </ClInclude>
    <ClInclude Include="src\gametemplate\bot_tile_template.h">
      <Filter>Source Files\gametemplate</Filter>
    </ClInclude>
    <ClInclude Include="src\gameutil\bot_game_map.h">
      <Filter>Source Files\gameutil</Filter>
    </ClInclude>
    <ClInclude Include="src\gameutil\bot_game_map_loader.h">
      <Filter>Source Files\gameutil</Filter>
    </ClInclude>
    <ClInclude Include="src\gameutil\bot_game_object_item.h">
      <Filter>Source Files\gameutil</Filter>
    </ClInclude>
    <ClInclude Include="src\gameutil\bot_game_object_manager.h">
      <Filter>Source Files\gameutil</Filter>
    </ClInclude>
    <ClInclude Include="src\gameutil\bot_game_state.h">
      <Filter>Source Files\gameutil</Filter>
    </ClInclude>
    <ClInclude Include="src\gameutil\bot_time_delta_smoother.h">
      <Filter>Source Files\gameutil</Filter>
    </ClInclude>
    <ClInclude Include="src\input\bot_input_event.h">
      <Filter>Source Files\input</Filter>
    </ClInclude>
    <ClInclude Include="src\input\bot_input_manager.h">
      <Filter>Source Files\input</Filter>
    </ClInclude>
    <ClInclude Include="src\misc\bot_file_utils.h">
      <Filter>Source Files\misc</Filter>
    </ClInclude>
    <ClInclude Include="src\misc\bot_json_data_type.h">
      <Filter>Source Files\misc</Filter>
    </ClInclude>
    <ClInclude Include="src\misc\bot_json_utils.h">
      <Filter>Source Files\misc</Filter>
    </ClInclude>
    <ClInclude Include="src\misc\bot_math_utils.h">
      <Filter>Source Files\misc</Filter>
    </ClInclude>
    <ClInclude Include="src\misc\bot_return_code.h">
      <Filter>Source Files\misc</Filter>
    </ClInclude>
    <ClInclude Include="src\misc\bot_string_utils.h">
      <Filter>Source Files\misc</Filter>
    </ClInclude>
    <ClInclude Include="src\opengl\bot_shader_program.h">
      <Filter>Source Files\opengl</Filter>
    </ClInclude>
    <ClInclude Include="src\opengl\bot_simple_shader_program.h">
      <Filter>Source Files\opengl</Filter>
    </ClInclude>
    <ClInclude Include="src\opengl\bot_text_system.h">
      <Filter>Source Files\opengl</Filter>
    </ClInclude>
    <ClInclude Include="src\opengl\bot_vertex_array.h">
      <Filter>Source Files\opengl</Filter>
    </ClInclude>
    <ClInclude Include="src\screen\bot_game_screen.h">
      <Filter>Source Files\screen</Filter>
    </ClInclude>
    <ClInclude Include="src\screen\bot_screen_manager.h">
      <Filter>Source Files\screen</Filter>
    </ClInclude>
    <ClInclude Include="src\screen\bot_start_screen.h">
      <Filter>Source Files\screen</Filter>
    </ClInclude>
    <ClInclude Include="src\structure\bot_double_linked_item.h">
      <Filter>Source Files\structure</Filter>
    </ClInclude>
    <ClInclude Include="src\structure\bot_double_linked_list.h">
      <Filter>Source Files\structure</Filter>
    </ClInclude>
    <ClInclude Include="src\structure\bot_linked_list.h">
      <Filter>Source Files\structure</Filter>
    </ClInclude>
    <ClInclude Include="src\structure\bot_object_pool.h">
      <Filter>Source Files\structure</Filter>
    </ClInclude>
    <ClInclude Include="src\opengl\bot_particle_shader_program.h">
      <Filter>Source Files\opengl</Filter>
    </ClInclude>
    <ClInclude Include="src\gametemplate\bot_particle_effect_template.h">
      <Filter>Source Files\gametemplate</Filter>
    </ClInclude>
    <ClInclude Include="src\gameobj\bot_particle_effect.h">
      <Filter>Source Files\gameobj</Filter>
    </ClInclude>
    <ClInclude Include="src\misc\bot_time_utils.h">
      <Filter>Source Files\misc</Filter>
    </ClInclude>
    <ClInclude Include="src\ai\bot_ai.h">
      <Filter>Source Files\ai</Filter>
    </ClInclude>
    <ClInclude Include="src\gameobj\bot_action.h">
      <Filter>Source Files\gameobj</Filter>
    </ClInclude>
    <ClInclude Include="src\ai\bot_chase_shoot_ai.h">
      <Filter>Source Files\ai</Filter>
    </ClInclude>
    <ClInclude Include="src\gameobj\bot_ai_robot.h">
      <Filter>Source Files\gameobj</Filter>
    </ClInclude>
    <ClInclude Include="src\structure\bot_named_map.h">
      <Filter>Source Files\structure</Filter>
    </ClInclude>
    <ClInclude Include="src\gametemplate\bot_ai_robot_template.h">
      <Filter>Source Files\gametemplate</Filter>
    </ClInclude>
    <ClInclude Include="src\parser\bot_ai_parser.h">
      <Filter>Source Files\parser</Filter>
    </ClInclude>
    <ClInclude Include="src\parser\bot_ai_robot_template_parser.h">
      <Filter>Source Files\parser</Filter>
    </ClInclude>
    <ClInclude Include="src\parser\bot_color_parser.h">
      <Filter>Source Files\parser</Filter>
    </ClInclude>
    <ClInclude Include="src\parser\bot_missile_template_parser.h">
      <Filter>Source Files\parser</Filter>
    </ClInclude>
    <ClInclude Include="src\parser\bot_particle_effect_template_parser.h">
      <Filter>Source Files\parser</Filter>
    </ClInclude>
    <ClInclude Include="src\parser\bot_player_template_parser.h">
      <Filter>Source Files\parser</Filter>
    </ClInclude>
    <ClInclude Include="src\parser\bot_rectangle_parser.h">
      <Filter>Source Files\parser</Filter>
    </ClInclude>
    <ClInclude Include="src\parser\bot_robot_template_parser.h">
      <Filter>Source Files\parser</Filter>
    </ClInclude>
    <ClInclude Include="src\parser\bot_texture_parser.h">
      <Filter>Source Files\parser</Filter>
    </ClInclude>
    <ClInclude Include="src\parser\bot_tile_template_parser.h">
      <Filter>Source Files\parser</Filter>
    </ClInclude>
    <ClInclude Include="src\gameutil\bot_game_lib.h">
      <Filter>Source Files\gameutil</Filter>
    </ClInclude>
    <ClInclude Include="src\gametemplate\bot_goodie_template.h">
      <Filter>Source Files\gametemplate</Filter>
    </ClInclude>
    <ClInclude Include="src\gameobj\bot_goodie_type.h">
      <Filter>Source Files\gameobj</Filter>
    </ClInclude>
    <ClInclude Include="src\parser\bot_goodie_template_parser.h">
      <Filter>Source Files\parser</Filter>
    </ClInclude>
    <ClInclude Include="src\gameobj\bot_goodie.h">
      <Filter>Source Files\gameobj</Filter>
    </ClInclude>
    <ClInclude Include="src\gameutil\bot_goodie_generator.h">
      <Filter>Source Files\gameutil</Filter>
    </ClInclude>
    <ClInclude Include="src\gameobj\bot_goodie_effect.h">
      <Filter>Source Files\gameobj</Filter>
    </ClInclude>
    <ClInclude Include="src\gameobj\bot_progress_ring.h">
      <Filter>Source Files\gameobj</Filter>
    </ClInclude>
    <ClInclude Include="src\parser\bot_progress_ring_parser.h">
      <Filter>Source Files\parser</Filter>
    </ClInclude>
    <ClInclude Include="src\gameobj\bot_dashboard.h">
      <Filter>Source Files\gameobj</Filter>
    </ClInclude>
    <ClInclude Include="src\gametemplate\bot_dashboard_template.h">
      <Filter>Source Files\gametemplate</Filter>
    </ClInclude>
    <ClInclude Include="src\parser\bot_dashboard_template_parser.h">
      <Filter>Source Files\parser</Filter>
    </ClInclude>
    <ClInclude Include="src\opengl\bot_text_size.h">
      <Filter>Source Files\opengl</Filter>
    </ClInclude>
    <ClInclude Include="src\input\bot_input_processor.h">
      <Filter>Source Files\input</Filter>
    </ClInclude>
    <ClInclude Include="src\app\bot_app_config.h">
      <Filter>Source Files\app</Filter>
    </ClInclude>
    <ClInclude Include="src\structure\bot_int_value.h">
      <Filter>Source Files\structure</Filter>
    </ClInclude>
    <ClInclude Include="src\structure\bot_linked_item.h">
      <Filter>Source Files\structure</Filter>
    </ClInclude>
  </ItemGroup>
</Project>